
Microsoft Visual Studio Solution File, Format Version 12.00
# Visual Studio 15
VisualStudioVersion = 15.0.27703.2047
MinimumVisualStudioVersion = 10.0.40219.1
Project("{FAE04EC0-301F-11D3-BF4B-00C04F79EFBC}") = "WageAnalyzer.Android", "WageAnalyzer\WageAnalyzer.Android\WageAnalyzer.Android.csproj", "{8BCEAB53-6C8E-4E10-8656-DBB0E52624EE}"
EndProject
Project("{FAE04EC0-301F-11D3-BF4B-00C04F79EFBC}") = "WageAnalyzer.iOS", "WageAnalyzer\WageAnalyzer.iOS\WageAnalyzer.iOS.csproj", "{E9592E8A-AE34-4DF0-83C3-E64B9B5318D1}"
EndProject
Project("{FAE04EC0-301F-11D3-BF4B-00C04F79EFBC}") = "WageAnalyzer.UWP", "WageAnalyzer\WageAnalyzer.UWP\WageAnalyzer.UWP.csproj", "{2488349A-2017-4FAF-AF7A-678EE25892FA}"
EndProject
Project("{FAE04EC0-301F-11D3-BF4B-00C04F79EFBC}") = "WageAnalyzer", "WageAnalyzer\WageAnalyzer\WageAnalyzer.csproj", "{A418BAD6-2008-46EB-8803-352505FA729A}"
EndProject
Project("{FAE04EC0-301F-11D3-BF4B-00C04F79EFBC}") = "WageAnalyzer.Data", "WageAnalyzer.Data\WageAnalyzer.Data.csproj", "{846DD935-0B72-4D88-AB4F-1F57F6825D83}"
EndProject
Project("{FAE04EC0-301F-11D3-BF4B-00C04F79EFBC}") = "WageAnalyzer.Models", "WageAnalyzer.Models\WageAnalyzer.Models.csproj", "{464731A0-4007-41AC-8775-EDABB70945B9}"
EndProject
Project("{FAE04EC0-301F-11D3-BF4B-00C04F79EFBC}") = "WageAnalyzer.Services", "WageAnalyzer.Services\WageAnalyzer.Services.csproj", "{DFF75252-044A-4965-AC6D-5A740935ACE4}"
EndProject
Global
	GlobalSection(SolutionConfigurationPlatforms) = preSolution
		Ad-Hoc|Any CPU = Ad-Hoc|Any CPU
		Ad-Hoc|ARM = Ad-Hoc|ARM
		Ad-Hoc|iPhone = Ad-Hoc|iPhone
		Ad-Hoc|iPhoneSimulator = Ad-Hoc|iPhoneSimulator
		Ad-Hoc|x64 = Ad-Hoc|x64
		Ad-Hoc|x86 = Ad-Hoc|x86
		AppStore|Any CPU = AppStore|Any CPU
		AppStore|ARM = AppStore|ARM
		AppStore|iPhone = AppStore|iPhone
		AppStore|iPhoneSimulator = AppStore|iPhoneSimulator
		AppStore|x64 = AppStore|x64
		AppStore|x86 = AppStore|x86
		Debug|Any CPU = Debug|Any CPU
		Debug|ARM = Debug|ARM
		Debug|iPhone = Debug|iPhone
		Debug|iPhoneSimulator = Debug|iPhoneSimulator
		Debug|x64 = Debug|x64
		Debug|x86 = Debug|x86
		Release|Any CPU = Release|Any CPU
		Release|ARM = Release|ARM
		Release|iPhone = Release|iPhone
		Release|iPhoneSimulator = Release|iPhoneSimulator
		Release|x64 = Release|x64
		Release|x86 = Release|x86
	EndGlobalSection
	GlobalSection(ProjectConfigurationPlatforms) = postSolution
		{8BCEAB53-6C8E-4E10-8656-DBB0E52624EE}.Ad-Hoc|Any CPU.ActiveCfg = Release|Any CPU
		{8BCEAB53-6C8E-4E10-8656-DBB0E52624EE}.Ad-Hoc|Any CPU.Build.0 = Release|Any CPU
		{8BCEAB53-6C8E-4E10-8656-DBB0E52624EE}.Ad-Hoc|Any CPU.Deploy.0 = Release|Any CPU
		{8BCEAB53-6C8E-4E10-8656-DBB0E52624EE}.Ad-Hoc|ARM.ActiveCfg = Release|Any CPU
		{8BCEAB53-6C8E-4E10-8656-DBB0E52624EE}.Ad-Hoc|ARM.Build.0 = Release|Any CPU
		{8BCEAB53-6C8E-4E10-8656-DBB0E52624EE}.Ad-Hoc|ARM.Deploy.0 = Release|Any CPU
		{8BCEAB53-6C8E-4E10-8656-DBB0E52624EE}.Ad-Hoc|iPhone.ActiveCfg = Release|Any CPU
		{8BCEAB53-6C8E-4E10-8656-DBB0E52624EE}.Ad-Hoc|iPhone.Build.0 = Release|Any CPU
		{8BCEAB53-6C8E-4E10-8656-DBB0E52624EE}.Ad-Hoc|iPhone.Deploy.0 = Release|Any CPU
		{8BCEAB53-6C8E-4E10-8656-DBB0E52624EE}.Ad-Hoc|iPhoneSimulator.ActiveCfg = Release|Any CPU
		{8BCEAB53-6C8E-4E10-8656-DBB0E52624EE}.Ad-Hoc|iPhoneSimulator.Build.0 = Release|Any CPU
		{8BCEAB53-6C8E-4E10-8656-DBB0E52624EE}.Ad-Hoc|iPhoneSimulator.Deploy.0 = Release|Any CPU
		{8BCEAB53-6C8E-4E10-8656-DBB0E52624EE}.Ad-Hoc|x64.ActiveCfg = Release|Any CPU
		{8BCEAB53-6C8E-4E10-8656-DBB0E52624EE}.Ad-Hoc|x64.Build.0 = Release|Any CPU
		{8BCEAB53-6C8E-4E10-8656-DBB0E52624EE}.Ad-Hoc|x64.Deploy.0 = Release|Any CPU
		{8BCEAB53-6C8E-4E10-8656-DBB0E52624EE}.Ad-Hoc|x86.ActiveCfg = Release|Any CPU
		{8BCEAB53-6C8E-4E10-8656-DBB0E52624EE}.Ad-Hoc|x86.Build.0 = Release|Any CPU
		{8BCEAB53-6C8E-4E10-8656-DBB0E52624EE}.Ad-Hoc|x86.Deploy.0 = Release|Any CPU
		{8BCEAB53-6C8E-4E10-8656-DBB0E52624EE}.AppStore|Any CPU.ActiveCfg = Release|Any CPU
		{8BCEAB53-6C8E-4E10-8656-DBB0E52624EE}.AppStore|Any CPU.Build.0 = Release|Any CPU
		{8BCEAB53-6C8E-4E10-8656-DBB0E52624EE}.AppStore|Any CPU.Deploy.0 = Release|Any CPU
		{8BCEAB53-6C8E-4E10-8656-DBB0E52624EE}.AppStore|ARM.ActiveCfg = Release|Any CPU
		{8BCEAB53-6C8E-4E10-8656-DBB0E52624EE}.AppStore|ARM.Build.0 = Release|Any CPU
		{8BCEAB53-6C8E-4E10-8656-DBB0E52624EE}.AppStore|ARM.Deploy.0 = Release|Any CPU
		{8BCEAB53-6C8E-4E10-8656-DBB0E52624EE}.AppStore|iPhone.ActiveCfg = Release|Any CPU
		{8BCEAB53-6C8E-4E10-8656-DBB0E52624EE}.AppStore|iPhone.Build.0 = Release|Any CPU
		{8BCEAB53-6C8E-4E10-8656-DBB0E52624EE}.AppStore|iPhone.Deploy.0 = Release|Any CPU
		{8BCEAB53-6C8E-4E10-8656-DBB0E52624EE}.AppStore|iPhoneSimulator.ActiveCfg = Release|Any CPU
		{8BCEAB53-6C8E-4E10-8656-DBB0E52624EE}.AppStore|iPhoneSimulator.Build.0 = Release|Any CPU
		{8BCEAB53-6C8E-4E10-8656-DBB0E52624EE}.AppStore|iPhoneSimulator.Deploy.0 = Release|Any CPU
		{8BCEAB53-6C8E-4E10-8656-DBB0E52624EE}.AppStore|x64.ActiveCfg = Release|Any CPU
		{8BCEAB53-6C8E-4E10-8656-DBB0E52624EE}.AppStore|x64.Build.0 = Release|Any CPU
		{8BCEAB53-6C8E-4E10-8656-DBB0E52624EE}.AppStore|x64.Deploy.0 = Release|Any CPU
		{8BCEAB53-6C8E-4E10-8656-DBB0E52624EE}.AppStore|x86.ActiveCfg = Release|Any CPU
		{8BCEAB53-6C8E-4E10-8656-DBB0E52624EE}.AppStore|x86.Build.0 = Release|Any CPU
		{8BCEAB53-6C8E-4E10-8656-DBB0E52624EE}.AppStore|x86.Deploy.0 = Release|Any CPU
		{8BCEAB53-6C8E-4E10-8656-DBB0E52624EE}.Debug|Any CPU.ActiveCfg = Debug|Any CPU
		{8BCEAB53-6C8E-4E10-8656-DBB0E52624EE}.Debug|Any CPU.Build.0 = Debug|Any CPU
		{8BCEAB53-6C8E-4E10-8656-DBB0E52624EE}.Debug|Any CPU.Deploy.0 = Debug|Any CPU
		{8BCEAB53-6C8E-4E10-8656-DBB0E52624EE}.Debug|ARM.ActiveCfg = Debug|Any CPU
		{8BCEAB53-6C8E-4E10-8656-DBB0E52624EE}.Debug|ARM.Build.0 = Debug|Any CPU
		{8BCEAB53-6C8E-4E10-8656-DBB0E52624EE}.Debug|ARM.Deploy.0 = Debug|Any CPU
		{8BCEAB53-6C8E-4E10-8656-DBB0E52624EE}.Debug|iPhone.ActiveCfg = Debug|Any CPU
		{8BCEAB53-6C8E-4E10-8656-DBB0E52624EE}.Debug|iPhone.Build.0 = Debug|Any CPU
		{8BCEAB53-6C8E-4E10-8656-DBB0E52624EE}.Debug|iPhone.Deploy.0 = Debug|Any CPU
		{8BCEAB53-6C8E-4E10-8656-DBB0E52624EE}.Debug|iPhoneSimulator.ActiveCfg = Debug|Any CPU
		{8BCEAB53-6C8E-4E10-8656-DBB0E52624EE}.Debug|iPhoneSimulator.Build.0 = Debug|Any CPU
		{8BCEAB53-6C8E-4E10-8656-DBB0E52624EE}.Debug|iPhoneSimulator.Deploy.0 = Debug|Any CPU
		{8BCEAB53-6C8E-4E10-8656-DBB0E52624EE}.Debug|x64.ActiveCfg = Debug|Any CPU
		{8BCEAB53-6C8E-4E10-8656-DBB0E52624EE}.Debug|x64.Build.0 = Debug|Any CPU
		{8BCEAB53-6C8E-4E10-8656-DBB0E52624EE}.Debug|x64.Deploy.0 = Debug|Any CPU
		{8BCEAB53-6C8E-4E10-8656-DBB0E52624EE}.Debug|x86.ActiveCfg = Debug|Any CPU
		{8BCEAB53-6C8E-4E10-8656-DBB0E52624EE}.Debug|x86.Build.0 = Debug|Any CPU
		{8BCEAB53-6C8E-4E10-8656-DBB0E52624EE}.Debug|x86.Deploy.0 = Debug|Any CPU
		{8BCEAB53-6C8E-4E10-8656-DBB0E52624EE}.Release|Any CPU.ActiveCfg = Release|Any CPU
		{8BCEAB53-6C8E-4E10-8656-DBB0E52624EE}.Release|Any CPU.Build.0 = Release|Any CPU
		{8BCEAB53-6C8E-4E10-8656-DBB0E52624EE}.Release|Any CPU.Deploy.0 = Release|Any CPU
		{8BCEAB53-6C8E-4E10-8656-DBB0E52624EE}.Release|ARM.ActiveCfg = Release|Any CPU
		{8BCEAB53-6C8E-4E10-8656-DBB0E52624EE}.Release|ARM.Build.0 = Release|Any CPU
		{8BCEAB53-6C8E-4E10-8656-DBB0E52624EE}.Release|ARM.Deploy.0 = Release|Any CPU
		{8BCEAB53-6C8E-4E10-8656-DBB0E52624EE}.Release|iPhone.ActiveCfg = Release|Any CPU
		{8BCEAB53-6C8E-4E10-8656-DBB0E52624EE}.Release|iPhone.Build.0 = Release|Any CPU
		{8BCEAB53-6C8E-4E10-8656-DBB0E52624EE}.Release|iPhone.Deploy.0 = Release|Any CPU
		{8BCEAB53-6C8E-4E10-8656-DBB0E52624EE}.Release|iPhoneSimulator.ActiveCfg = Release|Any CPU
		{8BCEAB53-6C8E-4E10-8656-DBB0E52624EE}.Release|iPhoneSimulator.Build.0 = Release|Any CPU
		{8BCEAB53-6C8E-4E10-8656-DBB0E52624EE}.Release|iPhoneSimulator.Deploy.0 = Release|Any CPU
		{8BCEAB53-6C8E-4E10-8656-DBB0E52624EE}.Release|x64.ActiveCfg = Release|Any CPU
		{8BCEAB53-6C8E-4E10-8656-DBB0E52624EE}.Release|x64.Build.0 = Release|Any CPU
		{8BCEAB53-6C8E-4E10-8656-DBB0E52624EE}.Release|x64.Deploy.0 = Release|Any CPU
		{8BCEAB53-6C8E-4E10-8656-DBB0E52624EE}.Release|x86.ActiveCfg = Release|Any CPU
		{8BCEAB53-6C8E-4E10-8656-DBB0E52624EE}.Release|x86.Build.0 = Release|Any CPU
		{8BCEAB53-6C8E-4E10-8656-DBB0E52624EE}.Release|x86.Deploy.0 = Release|Any CPU
		{E9592E8A-AE34-4DF0-83C3-E64B9B5318D1}.Ad-Hoc|Any CPU.ActiveCfg = Ad-Hoc|iPhone
		{E9592E8A-AE34-4DF0-83C3-E64B9B5318D1}.Ad-Hoc|Any CPU.Build.0 = Ad-Hoc|iPhone
		{E9592E8A-AE34-4DF0-83C3-E64B9B5318D1}.Ad-Hoc|Any CPU.Deploy.0 = Ad-Hoc|iPhone
		{E9592E8A-AE34-4DF0-83C3-E64B9B5318D1}.Ad-Hoc|ARM.ActiveCfg = Ad-Hoc|iPhone
		{E9592E8A-AE34-4DF0-83C3-E64B9B5318D1}.Ad-Hoc|ARM.Build.0 = Ad-Hoc|iPhone
		{E9592E8A-AE34-4DF0-83C3-E64B9B5318D1}.Ad-Hoc|ARM.Deploy.0 = Ad-Hoc|iPhone
		{E9592E8A-AE34-4DF0-83C3-E64B9B5318D1}.Ad-Hoc|iPhone.ActiveCfg = Ad-Hoc|iPhone
		{E9592E8A-AE34-4DF0-83C3-E64B9B5318D1}.Ad-Hoc|iPhone.Build.0 = Ad-Hoc|iPhone
		{E9592E8A-AE34-4DF0-83C3-E64B9B5318D1}.Ad-Hoc|iPhone.Deploy.0 = Ad-Hoc|iPhone
		{E9592E8A-AE34-4DF0-83C3-E64B9B5318D1}.Ad-Hoc|iPhoneSimulator.ActiveCfg = Ad-Hoc|iPhoneSimulator
		{E9592E8A-AE34-4DF0-83C3-E64B9B5318D1}.Ad-Hoc|iPhoneSimulator.Build.0 = Ad-Hoc|iPhoneSimulator
		{E9592E8A-AE34-4DF0-83C3-E64B9B5318D1}.Ad-Hoc|iPhoneSimulator.Deploy.0 = Ad-Hoc|iPhoneSimulator
		{E9592E8A-AE34-4DF0-83C3-E64B9B5318D1}.Ad-Hoc|x64.ActiveCfg = Ad-Hoc|iPhone
		{E9592E8A-AE34-4DF0-83C3-E64B9B5318D1}.Ad-Hoc|x64.Build.0 = Ad-Hoc|iPhone
		{E9592E8A-AE34-4DF0-83C3-E64B9B5318D1}.Ad-Hoc|x64.Deploy.0 = Ad-Hoc|iPhone
		{E9592E8A-AE34-4DF0-83C3-E64B9B5318D1}.Ad-Hoc|x86.ActiveCfg = Ad-Hoc|iPhone
		{E9592E8A-AE34-4DF0-83C3-E64B9B5318D1}.Ad-Hoc|x86.Build.0 = Ad-Hoc|iPhone
		{E9592E8A-AE34-4DF0-83C3-E64B9B5318D1}.Ad-Hoc|x86.Deploy.0 = Ad-Hoc|iPhone
		{E9592E8A-AE34-4DF0-83C3-E64B9B5318D1}.AppStore|Any CPU.ActiveCfg = AppStore|iPhone
		{E9592E8A-AE34-4DF0-83C3-E64B9B5318D1}.AppStore|Any CPU.Build.0 = AppStore|iPhone
		{E9592E8A-AE34-4DF0-83C3-E64B9B5318D1}.AppStore|Any CPU.Deploy.0 = AppStore|iPhone
		{E9592E8A-AE34-4DF0-83C3-E64B9B5318D1}.AppStore|ARM.ActiveCfg = AppStore|iPhone
		{E9592E8A-AE34-4DF0-83C3-E64B9B5318D1}.AppStore|ARM.Build.0 = AppStore|iPhone
		{E9592E8A-AE34-4DF0-83C3-E64B9B5318D1}.AppStore|ARM.Deploy.0 = AppStore|iPhone
		{E9592E8A-AE34-4DF0-83C3-E64B9B5318D1}.AppStore|iPhone.ActiveCfg = AppStore|iPhone
		{E9592E8A-AE34-4DF0-83C3-E64B9B5318D1}.AppStore|iPhone.Build.0 = AppStore|iPhone
		{E9592E8A-AE34-4DF0-83C3-E64B9B5318D1}.AppStore|iPhone.Deploy.0 = AppStore|iPhone
		{E9592E8A-AE34-4DF0-83C3-E64B9B5318D1}.AppStore|iPhoneSimulator.ActiveCfg = AppStore|iPhoneSimulator
		{E9592E8A-AE34-4DF0-83C3-E64B9B5318D1}.AppStore|iPhoneSimulator.Build.0 = AppStore|iPhoneSimulator
		{E9592E8A-AE34-4DF0-83C3-E64B9B5318D1}.AppStore|iPhoneSimulator.Deploy.0 = AppStore|iPhoneSimulator
		{E9592E8A-AE34-4DF0-83C3-E64B9B5318D1}.AppStore|x64.ActiveCfg = AppStore|iPhone
		{E9592E8A-AE34-4DF0-83C3-E64B9B5318D1}.AppStore|x64.Build.0 = AppStore|iPhone
		{E9592E8A-AE34-4DF0-83C3-E64B9B5318D1}.AppStore|x64.Deploy.0 = AppStore|iPhone
		{E9592E8A-AE34-4DF0-83C3-E64B9B5318D1}.AppStore|x86.ActiveCfg = AppStore|iPhone
		{E9592E8A-AE34-4DF0-83C3-E64B9B5318D1}.AppStore|x86.Build.0 = AppStore|iPhone
		{E9592E8A-AE34-4DF0-83C3-E64B9B5318D1}.AppStore|x86.Deploy.0 = AppStore|iPhone
		{E9592E8A-AE34-4DF0-83C3-E64B9B5318D1}.Debug|Any CPU.ActiveCfg = Debug|iPhoneSimulator
		{E9592E8A-AE34-4DF0-83C3-E64B9B5318D1}.Debug|Any CPU.Build.0 = Debug|iPhoneSimulator
		{E9592E8A-AE34-4DF0-83C3-E64B9B5318D1}.Debug|Any CPU.Deploy.0 = Debug|iPhoneSimulator
		{E9592E8A-AE34-4DF0-83C3-E64B9B5318D1}.Debug|ARM.ActiveCfg = Debug|iPhone
		{E9592E8A-AE34-4DF0-83C3-E64B9B5318D1}.Debug|ARM.Build.0 = Debug|iPhone
		{E9592E8A-AE34-4DF0-83C3-E64B9B5318D1}.Debug|ARM.Deploy.0 = Debug|iPhone
		{E9592E8A-AE34-4DF0-83C3-E64B9B5318D1}.Debug|iPhone.ActiveCfg = Debug|iPhone
		{E9592E8A-AE34-4DF0-83C3-E64B9B5318D1}.Debug|iPhone.Build.0 = Debug|iPhone
		{E9592E8A-AE34-4DF0-83C3-E64B9B5318D1}.Debug|iPhone.Deploy.0 = Debug|iPhone
		{E9592E8A-AE34-4DF0-83C3-E64B9B5318D1}.Debug|iPhoneSimulator.ActiveCfg = Debug|iPhoneSimulator
		{E9592E8A-AE34-4DF0-83C3-E64B9B5318D1}.Debug|iPhoneSimulator.Build.0 = Debug|iPhoneSimulator
		{E9592E8A-AE34-4DF0-83C3-E64B9B5318D1}.Debug|iPhoneSimulator.Deploy.0 = Debug|iPhoneSimulator
		{E9592E8A-AE34-4DF0-83C3-E64B9B5318D1}.Debug|x64.ActiveCfg = Debug|iPhone
		{E9592E8A-AE34-4DF0-83C3-E64B9B5318D1}.Debug|x64.Build.0 = Debug|iPhone
		{E9592E8A-AE34-4DF0-83C3-E64B9B5318D1}.Debug|x64.Deploy.0 = Debug|iPhone
		{E9592E8A-AE34-4DF0-83C3-E64B9B5318D1}.Debug|x86.ActiveCfg = Debug|iPhone
		{E9592E8A-AE34-4DF0-83C3-E64B9B5318D1}.Debug|x86.Build.0 = Debug|iPhone
		{E9592E8A-AE34-4DF0-83C3-E64B9B5318D1}.Debug|x86.Deploy.0 = Debug|iPhone
		{E9592E8A-AE34-4DF0-83C3-E64B9B5318D1}.Release|Any CPU.ActiveCfg = Release|iPhone
		{E9592E8A-AE34-4DF0-83C3-E64B9B5318D1}.Release|Any CPU.Build.0 = Release|iPhone
		{E9592E8A-AE34-4DF0-83C3-E64B9B5318D1}.Release|Any CPU.Deploy.0 = Release|iPhone
		{E9592E8A-AE34-4DF0-83C3-E64B9B5318D1}.Release|ARM.ActiveCfg = Release|iPhone
		{E9592E8A-AE34-4DF0-83C3-E64B9B5318D1}.Release|ARM.Build.0 = Release|iPhone
		{E9592E8A-AE34-4DF0-83C3-E64B9B5318D1}.Release|ARM.Deploy.0 = Release|iPhone
		{E9592E8A-AE34-4DF0-83C3-E64B9B5318D1}.Release|iPhone.ActiveCfg = Release|iPhone
		{E9592E8A-AE34-4DF0-83C3-E64B9B5318D1}.Release|iPhone.Build.0 = Release|iPhone
		{E9592E8A-AE34-4DF0-83C3-E64B9B5318D1}.Release|iPhone.Deploy.0 = Release|iPhone
		{E9592E8A-AE34-4DF0-83C3-E64B9B5318D1}.Release|iPhoneSimulator.ActiveCfg = Release|iPhoneSimulator
		{E9592E8A-AE34-4DF0-83C3-E64B9B5318D1}.Release|iPhoneSimulator.Build.0 = Release|iPhoneSimulator
		{E9592E8A-AE34-4DF0-83C3-E64B9B5318D1}.Release|iPhoneSimulator.Deploy.0 = Release|iPhoneSimulator
		{E9592E8A-AE34-4DF0-83C3-E64B9B5318D1}.Release|x64.ActiveCfg = Release|iPhone
		{E9592E8A-AE34-4DF0-83C3-E64B9B5318D1}.Release|x64.Build.0 = Release|iPhone
		{E9592E8A-AE34-4DF0-83C3-E64B9B5318D1}.Release|x64.Deploy.0 = Release|iPhone
		{E9592E8A-AE34-4DF0-83C3-E64B9B5318D1}.Release|x86.ActiveCfg = Release|iPhone
		{E9592E8A-AE34-4DF0-83C3-E64B9B5318D1}.Release|x86.Build.0 = Release|iPhone
		{E9592E8A-AE34-4DF0-83C3-E64B9B5318D1}.Release|x86.Deploy.0 = Release|iPhone
		{2488349A-2017-4FAF-AF7A-678EE25892FA}.Ad-Hoc|Any CPU.ActiveCfg = Release|x86
		{2488349A-2017-4FAF-AF7A-678EE25892FA}.Ad-Hoc|Any CPU.Build.0 = Release|x86
		{2488349A-2017-4FAF-AF7A-678EE25892FA}.Ad-Hoc|Any CPU.Deploy.0 = Release|x86
		{2488349A-2017-4FAF-AF7A-678EE25892FA}.Ad-Hoc|ARM.ActiveCfg = Release|ARM
		{2488349A-2017-4FAF-AF7A-678EE25892FA}.Ad-Hoc|ARM.Build.0 = Release|ARM
		{2488349A-2017-4FAF-AF7A-678EE25892FA}.Ad-Hoc|ARM.Deploy.0 = Release|ARM
		{2488349A-2017-4FAF-AF7A-678EE25892FA}.Ad-Hoc|iPhone.ActiveCfg = Release|x86
		{2488349A-2017-4FAF-AF7A-678EE25892FA}.Ad-Hoc|iPhone.Build.0 = Release|x86
		{2488349A-2017-4FAF-AF7A-678EE25892FA}.Ad-Hoc|iPhone.Deploy.0 = Release|x86
		{2488349A-2017-4FAF-AF7A-678EE25892FA}.Ad-Hoc|iPhoneSimulator.ActiveCfg = Release|x86
		{2488349A-2017-4FAF-AF7A-678EE25892FA}.Ad-Hoc|iPhoneSimulator.Build.0 = Release|x86
		{2488349A-2017-4FAF-AF7A-678EE25892FA}.Ad-Hoc|iPhoneSimulator.Deploy.0 = Release|x86
		{2488349A-2017-4FAF-AF7A-678EE25892FA}.Ad-Hoc|x64.ActiveCfg = Release|x64
		{2488349A-2017-4FAF-AF7A-678EE25892FA}.Ad-Hoc|x64.Build.0 = Release|x64
		{2488349A-2017-4FAF-AF7A-678EE25892FA}.Ad-Hoc|x64.Deploy.0 = Release|x64
		{2488349A-2017-4FAF-AF7A-678EE25892FA}.Ad-Hoc|x86.ActiveCfg = Release|x86
		{2488349A-2017-4FAF-AF7A-678EE25892FA}.Ad-Hoc|x86.Build.0 = Release|x86
		{2488349A-2017-4FAF-AF7A-678EE25892FA}.Ad-Hoc|x86.Deploy.0 = Release|x86
		{2488349A-2017-4FAF-AF7A-678EE25892FA}.AppStore|Any CPU.ActiveCfg = Release|x86
		{2488349A-2017-4FAF-AF7A-678EE25892FA}.AppStore|Any CPU.Build.0 = Release|x86
		{2488349A-2017-4FAF-AF7A-678EE25892FA}.AppStore|Any CPU.Deploy.0 = Release|x86
		{2488349A-2017-4FAF-AF7A-678EE25892FA}.AppStore|ARM.ActiveCfg = Release|ARM
		{2488349A-2017-4FAF-AF7A-678EE25892FA}.AppStore|ARM.Build.0 = Release|ARM
		{2488349A-2017-4FAF-AF7A-678EE25892FA}.AppStore|ARM.Deploy.0 = Release|ARM
		{2488349A-2017-4FAF-AF7A-678EE25892FA}.AppStore|iPhone.ActiveCfg = Release|x86
		{2488349A-2017-4FAF-AF7A-678EE25892FA}.AppStore|iPhone.Build.0 = Release|x86
		{2488349A-2017-4FAF-AF7A-678EE25892FA}.AppStore|iPhone.Deploy.0 = Release|x86
		{2488349A-2017-4FAF-AF7A-678EE25892FA}.AppStore|iPhoneSimulator.ActiveCfg = Release|x86
		{2488349A-2017-4FAF-AF7A-678EE25892FA}.AppStore|iPhoneSimulator.Build.0 = Release|x86
		{2488349A-2017-4FAF-AF7A-678EE25892FA}.AppStore|iPhoneSimulator.Deploy.0 = Release|x86
		{2488349A-2017-4FAF-AF7A-678EE25892FA}.AppStore|x64.ActiveCfg = Release|x64
		{2488349A-2017-4FAF-AF7A-678EE25892FA}.AppStore|x64.Build.0 = Release|x64
		{2488349A-2017-4FAF-AF7A-678EE25892FA}.AppStore|x64.Deploy.0 = Release|x64
		{2488349A-2017-4FAF-AF7A-678EE25892FA}.AppStore|x86.ActiveCfg = Release|x86
		{2488349A-2017-4FAF-AF7A-678EE25892FA}.AppStore|x86.Build.0 = Release|x86
		{2488349A-2017-4FAF-AF7A-678EE25892FA}.AppStore|x86.Deploy.0 = Release|x86
		{2488349A-2017-4FAF-AF7A-678EE25892FA}.Debug|Any CPU.ActiveCfg = Debug|x86
		{2488349A-2017-4FAF-AF7A-678EE25892FA}.Debug|Any CPU.Build.0 = Debug|x86
		{2488349A-2017-4FAF-AF7A-678EE25892FA}.Debug|Any CPU.Deploy.0 = Debug|x86
		{2488349A-2017-4FAF-AF7A-678EE25892FA}.Debug|ARM.ActiveCfg = Debug|ARM
		{2488349A-2017-4FAF-AF7A-678EE25892FA}.Debug|ARM.Build.0 = Debug|ARM
		{2488349A-2017-4FAF-AF7A-678EE25892FA}.Debug|ARM.Deploy.0 = Debug|ARM
		{2488349A-2017-4FAF-AF7A-678EE25892FA}.Debug|iPhone.ActiveCfg = Debug|x86
		{2488349A-2017-4FAF-AF7A-678EE25892FA}.Debug|iPhone.Build.0 = Debug|x86
		{2488349A-2017-4FAF-AF7A-678EE25892FA}.Debug|iPhone.Deploy.0 = Debug|x86
		{2488349A-2017-4FAF-AF7A-678EE25892FA}.Debug|iPhoneSimulator.ActiveCfg = Debug|x86
		{2488349A-2017-4FAF-AF7A-678EE25892FA}.Debug|iPhoneSimulator.Build.0 = Debug|x86
		{2488349A-2017-4FAF-AF7A-678EE25892FA}.Debug|iPhoneSimulator.Deploy.0 = Debug|x86
		{2488349A-2017-4FAF-AF7A-678EE25892FA}.Debug|x64.ActiveCfg = Debug|x64
		{2488349A-2017-4FAF-AF7A-678EE25892FA}.Debug|x64.Build.0 = Debug|x64
		{2488349A-2017-4FAF-AF7A-678EE25892FA}.Debug|x64.Deploy.0 = Debug|x64
		{2488349A-2017-4FAF-AF7A-678EE25892FA}.Debug|x86.ActiveCfg = Debug|x86
		{2488349A-2017-4FAF-AF7A-678EE25892FA}.Debug|x86.Build.0 = Debug|x86
		{2488349A-2017-4FAF-AF7A-678EE25892FA}.Debug|x86.Deploy.0 = Debug|x86
		{2488349A-2017-4FAF-AF7A-678EE25892FA}.Release|Any CPU.ActiveCfg = Release|x86
		{2488349A-2017-4FAF-AF7A-678EE25892FA}.Release|Any CPU.Build.0 = Release|x86
		{2488349A-2017-4FAF-AF7A-678EE25892FA}.Release|Any CPU.Deploy.0 = Release|x86
		{2488349A-2017-4FAF-AF7A-678EE25892FA}.Release|ARM.ActiveCfg = Release|ARM
		{2488349A-2017-4FAF-AF7A-678EE25892FA}.Release|ARM.Build.0 = Release|ARM
		{2488349A-2017-4FAF-AF7A-678EE25892FA}.Release|ARM.Deploy.0 = Release|ARM
		{2488349A-2017-4FAF-AF7A-678EE25892FA}.Release|iPhone.ActiveCfg = Release|x86
		{2488349A-2017-4FAF-AF7A-678EE25892FA}.Release|iPhone.Build.0 = Release|x86
		{2488349A-2017-4FAF-AF7A-678EE25892FA}.Release|iPhone.Deploy.0 = Release|x86
		{2488349A-2017-4FAF-AF7A-678EE25892FA}.Release|iPhoneSimulator.ActiveCfg = Release|x86
		{2488349A-2017-4FAF-AF7A-678EE25892FA}.Release|iPhoneSimulator.Build.0 = Release|x86
		{2488349A-2017-4FAF-AF7A-678EE25892FA}.Release|iPhoneSimulator.Deploy.0 = Release|x86
		{2488349A-2017-4FAF-AF7A-678EE25892FA}.Release|x64.ActiveCfg = Release|x64
		{2488349A-2017-4FAF-AF7A-678EE25892FA}.Release|x64.Build.0 = Release|x64
		{2488349A-2017-4FAF-AF7A-678EE25892FA}.Release|x64.Deploy.0 = Release|x64
		{2488349A-2017-4FAF-AF7A-678EE25892FA}.Release|x86.ActiveCfg = Release|x86
		{2488349A-2017-4FAF-AF7A-678EE25892FA}.Release|x86.Build.0 = Release|x86
		{2488349A-2017-4FAF-AF7A-678EE25892FA}.Release|x86.Deploy.0 = Release|x86
		{A418BAD6-2008-46EB-8803-352505FA729A}.Ad-Hoc|Any CPU.ActiveCfg = Debug|Any CPU
		{A418BAD6-2008-46EB-8803-352505FA729A}.Ad-Hoc|Any CPU.Build.0 = Debug|Any CPU
		{A418BAD6-2008-46EB-8803-352505FA729A}.Ad-Hoc|Any CPU.Deploy.0 = Debug|Any CPU
		{A418BAD6-2008-46EB-8803-352505FA729A}.Ad-Hoc|ARM.ActiveCfg = Debug|Any CPU
		{A418BAD6-2008-46EB-8803-352505FA729A}.Ad-Hoc|ARM.Build.0 = Debug|Any CPU
		{A418BAD6-2008-46EB-8803-352505FA729A}.Ad-Hoc|ARM.Deploy.0 = Debug|Any CPU
		{A418BAD6-2008-46EB-8803-352505FA729A}.Ad-Hoc|iPhone.ActiveCfg = Debug|Any CPU
		{A418BAD6-2008-46EB-8803-352505FA729A}.Ad-Hoc|iPhone.Build.0 = Debug|Any CPU
		{A418BAD6-2008-46EB-8803-352505FA729A}.Ad-Hoc|iPhone.Deploy.0 = Debug|Any CPU
		{A418BAD6-2008-46EB-8803-352505FA729A}.Ad-Hoc|iPhoneSimulator.ActiveCfg = Debug|Any CPU
		{A418BAD6-2008-46EB-8803-352505FA729A}.Ad-Hoc|iPhoneSimulator.Build.0 = Debug|Any CPU
		{A418BAD6-2008-46EB-8803-352505FA729A}.Ad-Hoc|iPhoneSimulator.Deploy.0 = Debug|Any CPU
		{A418BAD6-2008-46EB-8803-352505FA729A}.Ad-Hoc|x64.ActiveCfg = Debug|Any CPU
		{A418BAD6-2008-46EB-8803-352505FA729A}.Ad-Hoc|x64.Build.0 = Debug|Any CPU
		{A418BAD6-2008-46EB-8803-352505FA729A}.Ad-Hoc|x64.Deploy.0 = Debug|Any CPU
		{A418BAD6-2008-46EB-8803-352505FA729A}.Ad-Hoc|x86.ActiveCfg = Debug|Any CPU
		{A418BAD6-2008-46EB-8803-352505FA729A}.Ad-Hoc|x86.Build.0 = Debug|Any CPU
		{A418BAD6-2008-46EB-8803-352505FA729A}.Ad-Hoc|x86.Deploy.0 = Debug|Any CPU
		{A418BAD6-2008-46EB-8803-352505FA729A}.AppStore|Any CPU.ActiveCfg = Debug|Any CPU
		{A418BAD6-2008-46EB-8803-352505FA729A}.AppStore|Any CPU.Build.0 = Debug|Any CPU
		{A418BAD6-2008-46EB-8803-352505FA729A}.AppStore|Any CPU.Deploy.0 = Debug|Any CPU
		{A418BAD6-2008-46EB-8803-352505FA729A}.AppStore|ARM.ActiveCfg = Debug|Any CPU
		{A418BAD6-2008-46EB-8803-352505FA729A}.AppStore|ARM.Build.0 = Debug|Any CPU
		{A418BAD6-2008-46EB-8803-352505FA729A}.AppStore|ARM.Deploy.0 = Debug|Any CPU
		{A418BAD6-2008-46EB-8803-352505FA729A}.AppStore|iPhone.ActiveCfg = Debug|Any CPU
		{A418BAD6-2008-46EB-8803-352505FA729A}.AppStore|iPhone.Build.0 = Debug|Any CPU
		{A418BAD6-2008-46EB-8803-352505FA729A}.AppStore|iPhone.Deploy.0 = Debug|Any CPU
		{A418BAD6-2008-46EB-8803-352505FA729A}.AppStore|iPhoneSimulator.ActiveCfg = Debug|Any CPU
		{A418BAD6-2008-46EB-8803-352505FA729A}.AppStore|iPhoneSimulator.Build.0 = Debug|Any CPU
		{A418BAD6-2008-46EB-8803-352505FA729A}.AppStore|iPhoneSimulator.Deploy.0 = Debug|Any CPU
		{A418BAD6-2008-46EB-8803-352505FA729A}.AppStore|x64.ActiveCfg = Debug|Any CPU
		{A418BAD6-2008-46EB-8803-352505FA729A}.AppStore|x64.Build.0 = Debug|Any CPU
		{A418BAD6-2008-46EB-8803-352505FA729A}.AppStore|x64.Deploy.0 = Debug|Any CPU
		{A418BAD6-2008-46EB-8803-352505FA729A}.AppStore|x86.ActiveCfg = Debug|Any CPU
		{A418BAD6-2008-46EB-8803-352505FA729A}.AppStore|x86.Build.0 = Debug|Any CPU
		{A418BAD6-2008-46EB-8803-352505FA729A}.AppStore|x86.Deploy.0 = Debug|Any CPU
		{A418BAD6-2008-46EB-8803-352505FA729A}.Debug|Any CPU.ActiveCfg = Debug|Any CPU
		{A418BAD6-2008-46EB-8803-352505FA729A}.Debug|Any CPU.Build.0 = Debug|Any CPU
		{A418BAD6-2008-46EB-8803-352505FA729A}.Debug|Any CPU.Deploy.0 = Debug|Any CPU
		{A418BAD6-2008-46EB-8803-352505FA729A}.Debug|ARM.ActiveCfg = Debug|Any CPU
		{A418BAD6-2008-46EB-8803-352505FA729A}.Debug|ARM.Build.0 = Debug|Any CPU
		{A418BAD6-2008-46EB-8803-352505FA729A}.Debug|ARM.Deploy.0 = Debug|Any CPU
		{A418BAD6-2008-46EB-8803-352505FA729A}.Debug|iPhone.ActiveCfg = Debug|Any CPU
		{A418BAD6-2008-46EB-8803-352505FA729A}.Debug|iPhone.Build.0 = Debug|Any CPU
		{A418BAD6-2008-46EB-8803-352505FA729A}.Debug|iPhone.Deploy.0 = Debug|Any CPU
		{A418BAD6-2008-46EB-8803-352505FA729A}.Debug|iPhoneSimulator.ActiveCfg = Debug|Any CPU
		{A418BAD6-2008-46EB-8803-352505FA729A}.Debug|iPhoneSimulator.Build.0 = Debug|Any CPU
		{A418BAD6-2008-46EB-8803-352505FA729A}.Debug|iPhoneSimulator.Deploy.0 = Debug|Any CPU
		{A418BAD6-2008-46EB-8803-352505FA729A}.Debug|x64.ActiveCfg = Debug|Any CPU
		{A418BAD6-2008-46EB-8803-352505FA729A}.Debug|x64.Build.0 = Debug|Any CPU
		{A418BAD6-2008-46EB-8803-352505FA729A}.Debug|x64.Deploy.0 = Debug|Any CPU
		{A418BAD6-2008-46EB-8803-352505FA729A}.Debug|x86.ActiveCfg = Debug|Any CPU
		{A418BAD6-2008-46EB-8803-352505FA729A}.Debug|x86.Build.0 = Debug|Any CPU
		{A418BAD6-2008-46EB-8803-352505FA729A}.Debug|x86.Deploy.0 = Debug|Any CPU
		{A418BAD6-2008-46EB-8803-352505FA729A}.Release|Any CPU.ActiveCfg = Release|Any CPU
		{A418BAD6-2008-46EB-8803-352505FA729A}.Release|Any CPU.Build.0 = Release|Any CPU
		{A418BAD6-2008-46EB-8803-352505FA729A}.Release|Any CPU.Deploy.0 = Release|Any CPU
		{A418BAD6-2008-46EB-8803-352505FA729A}.Release|ARM.ActiveCfg = Release|Any CPU
		{A418BAD6-2008-46EB-8803-352505FA729A}.Release|ARM.Build.0 = Release|Any CPU
		{A418BAD6-2008-46EB-8803-352505FA729A}.Release|ARM.Deploy.0 = Release|Any CPU
		{A418BAD6-2008-46EB-8803-352505FA729A}.Release|iPhone.ActiveCfg = Release|Any CPU
		{A418BAD6-2008-46EB-8803-352505FA729A}.Release|iPhone.Build.0 = Release|Any CPU
		{A418BAD6-2008-46EB-8803-352505FA729A}.Release|iPhone.Deploy.0 = Release|Any CPU
		{A418BAD6-2008-46EB-8803-352505FA729A}.Release|iPhoneSimulator.ActiveCfg = Release|Any CPU
		{A418BAD6-2008-46EB-8803-352505FA729A}.Release|iPhoneSimulator.Build.0 = Release|Any CPU
		{A418BAD6-2008-46EB-8803-352505FA729A}.Release|iPhoneSimulator.Deploy.0 = Release|Any CPU
		{A418BAD6-2008-46EB-8803-352505FA729A}.Release|x64.ActiveCfg = Release|Any CPU
		{A418BAD6-2008-46EB-8803-352505FA729A}.Release|x64.Build.0 = Release|Any CPU
		{A418BAD6-2008-46EB-8803-352505FA729A}.Release|x64.Deploy.0 = Release|Any CPU
		{A418BAD6-2008-46EB-8803-352505FA729A}.Release|x86.ActiveCfg = Release|Any CPU
		{A418BAD6-2008-46EB-8803-352505FA729A}.Release|x86.Build.0 = Release|Any CPU
		{A418BAD6-2008-46EB-8803-352505FA729A}.Release|x86.Deploy.0 = Release|Any CPU
		{846DD935-0B72-4D88-AB4F-1F57F6825D83}.Ad-Hoc|Any CPU.ActiveCfg = Debug|Any CPU
		{846DD935-0B72-4D88-AB4F-1F57F6825D83}.Ad-Hoc|Any CPU.Build.0 = Debug|Any CPU
		{846DD935-0B72-4D88-AB4F-1F57F6825D83}.Ad-Hoc|ARM.ActiveCfg = Debug|Any CPU
		{846DD935-0B72-4D88-AB4F-1F57F6825D83}.Ad-Hoc|ARM.Build.0 = Debug|Any CPU
		{846DD935-0B72-4D88-AB4F-1F57F6825D83}.Ad-Hoc|iPhone.ActiveCfg = Debug|Any CPU
		{846DD935-0B72-4D88-AB4F-1F57F6825D83}.Ad-Hoc|iPhone.Build.0 = Debug|Any CPU
		{846DD935-0B72-4D88-AB4F-1F57F6825D83}.Ad-Hoc|iPhoneSimulator.ActiveCfg = Debug|Any CPU
		{846DD935-0B72-4D88-AB4F-1F57F6825D83}.Ad-Hoc|iPhoneSimulator.Build.0 = Debug|Any CPU
		{846DD935-0B72-4D88-AB4F-1F57F6825D83}.Ad-Hoc|x64.ActiveCfg = Debug|Any CPU
		{846DD935-0B72-4D88-AB4F-1F57F6825D83}.Ad-Hoc|x64.Build.0 = Debug|Any CPU
		{846DD935-0B72-4D88-AB4F-1F57F6825D83}.Ad-Hoc|x86.ActiveCfg = Debug|Any CPU
		{846DD935-0B72-4D88-AB4F-1F57F6825D83}.Ad-Hoc|x86.Build.0 = Debug|Any CPU
		{846DD935-0B72-4D88-AB4F-1F57F6825D83}.AppStore|Any CPU.ActiveCfg = Debug|Any CPU
		{846DD935-0B72-4D88-AB4F-1F57F6825D83}.AppStore|Any CPU.Build.0 = Debug|Any CPU
		{846DD935-0B72-4D88-AB4F-1F57F6825D83}.AppStore|ARM.ActiveCfg = Debug|Any CPU
		{846DD935-0B72-4D88-AB4F-1F57F6825D83}.AppStore|ARM.Build.0 = Debug|Any CPU
		{846DD935-0B72-4D88-AB4F-1F57F6825D83}.AppStore|iPhone.ActiveCfg = Debug|Any CPU
		{846DD935-0B72-4D88-AB4F-1F57F6825D83}.AppStore|iPhone.Build.0 = Debug|Any CPU
		{846DD935-0B72-4D88-AB4F-1F57F6825D83}.AppStore|iPhoneSimulator.ActiveCfg = Debug|Any CPU
		{846DD935-0B72-4D88-AB4F-1F57F6825D83}.AppStore|iPhoneSimulator.Build.0 = Debug|Any CPU
		{846DD935-0B72-4D88-AB4F-1F57F6825D83}.AppStore|x64.ActiveCfg = Debug|Any CPU
		{846DD935-0B72-4D88-AB4F-1F57F6825D83}.AppStore|x64.Build.0 = Debug|Any CPU
		{846DD935-0B72-4D88-AB4F-1F57F6825D83}.AppStore|x86.ActiveCfg = Debug|Any CPU
		{846DD935-0B72-4D88-AB4F-1F57F6825D83}.AppStore|x86.Build.0 = Debug|Any CPU
		{846DD935-0B72-4D88-AB4F-1F57F6825D83}.Debug|Any CPU.ActiveCfg = Debug|Any CPU
		{846DD935-0B72-4D88-AB4F-1F57F6825D83}.Debug|Any CPU.Build.0 = Debug|Any CPU
		{846DD935-0B72-4D88-AB4F-1F57F6825D83}.Debug|ARM.ActiveCfg = Debug|Any CPU
		{846DD935-0B72-4D88-AB4F-1F57F6825D83}.Debug|ARM.Build.0 = Debug|Any CPU
		{846DD935-0B72-4D88-AB4F-1F57F6825D83}.Debug|iPhone.ActiveCfg = Debug|Any CPU
		{846DD935-0B72-4D88-AB4F-1F57F6825D83}.Debug|iPhone.Build.0 = Debug|Any CPU
		{846DD935-0B72-4D88-AB4F-1F57F6825D83}.Debug|iPhoneSimulator.ActiveCfg = Debug|Any CPU
		{846DD935-0B72-4D88-AB4F-1F57F6825D83}.Debug|iPhoneSimulator.Build.0 = Debug|Any CPU
		{846DD935-0B72-4D88-AB4F-1F57F6825D83}.Debug|x64.ActiveCfg = Debug|Any CPU
		{846DD935-0B72-4D88-AB4F-1F57F6825D83}.Debug|x64.Build.0 = Debug|Any CPU
		{846DD935-0B72-4D88-AB4F-1F57F6825D83}.Debug|x86.ActiveCfg = Debug|Any CPU
		{846DD935-0B72-4D88-AB4F-1F57F6825D83}.Debug|x86.Build.0 = Debug|Any CPU
		{846DD935-0B72-4D88-AB4F-1F57F6825D83}.Release|Any CPU.ActiveCfg = Release|Any CPU
		{846DD935-0B72-4D88-AB4F-1F57F6825D83}.Release|Any CPU.Build.0 = Release|Any CPU
		{846DD935-0B72-4D88-AB4F-1F57F6825D83}.Release|ARM.ActiveCfg = Release|Any CPU
		{846DD935-0B72-4D88-AB4F-1F57F6825D83}.Release|ARM.Build.0 = Release|Any CPU
		{846DD935-0B72-4D88-AB4F-1F57F6825D83}.Release|iPhone.ActiveCfg = Release|Any CPU
		{846DD935-0B72-4D88-AB4F-1F57F6825D83}.Release|iPhone.Build.0 = Release|Any CPU
		{846DD935-0B72-4D88-AB4F-1F57F6825D83}.Release|iPhoneSimulator.ActiveCfg = Release|Any CPU
		{846DD935-0B72-4D88-AB4F-1F57F6825D83}.Release|iPhoneSimulator.Build.0 = Release|Any CPU
		{846DD935-0B72-4D88-AB4F-1F57F6825D83}.Release|x64.ActiveCfg = Release|Any CPU
		{846DD935-0B72-4D88-AB4F-1F57F6825D83}.Release|x64.Build.0 = Release|Any CPU
		{846DD935-0B72-4D88-AB4F-1F57F6825D83}.Release|x86.ActiveCfg = Release|Any CPU
		{846DD935-0B72-4D88-AB4F-1F57F6825D83}.Release|x86.Build.0 = Release|Any CPU
		{464731A0-4007-41AC-8775-EDABB70945B9}.Ad-Hoc|Any CPU.ActiveCfg = Debug|Any CPU
		{464731A0-4007-41AC-8775-EDABB70945B9}.Ad-Hoc|Any CPU.Build.0 = Debug|Any CPU
		{464731A0-4007-41AC-8775-EDABB70945B9}.Ad-Hoc|ARM.ActiveCfg = Debug|Any CPU
		{464731A0-4007-41AC-8775-EDABB70945B9}.Ad-Hoc|ARM.Build.0 = Debug|Any CPU
		{464731A0-4007-41AC-8775-EDABB70945B9}.Ad-Hoc|iPhone.ActiveCfg = Debug|Any CPU
		{464731A0-4007-41AC-8775-EDABB70945B9}.Ad-Hoc|iPhone.Build.0 = Debug|Any CPU
		{464731A0-4007-41AC-8775-EDABB70945B9}.Ad-Hoc|iPhoneSimulator.ActiveCfg = Debug|Any CPU
		{464731A0-4007-41AC-8775-EDABB70945B9}.Ad-Hoc|iPhoneSimulator.Build.0 = Debug|Any CPU
		{464731A0-4007-41AC-8775-EDABB70945B9}.Ad-Hoc|x64.ActiveCfg = Debug|Any CPU
		{464731A0-4007-41AC-8775-EDABB70945B9}.Ad-Hoc|x64.Build.0 = Debug|Any CPU
		{464731A0-4007-41AC-8775-EDABB70945B9}.Ad-Hoc|x86.ActiveCfg = Debug|Any CPU
		{464731A0-4007-41AC-8775-EDABB70945B9}.Ad-Hoc|x86.Build.0 = Debug|Any CPU
		{464731A0-4007-41AC-8775-EDABB70945B9}.AppStore|Any CPU.ActiveCfg = Debug|Any CPU
		{464731A0-4007-41AC-8775-EDABB70945B9}.AppStore|Any CPU.Build.0 = Debug|Any CPU
		{464731A0-4007-41AC-8775-EDABB70945B9}.AppStore|ARM.ActiveCfg = Debug|Any CPU
		{464731A0-4007-41AC-8775-EDABB70945B9}.AppStore|ARM.Build.0 = Debug|Any CPU
		{464731A0-4007-41AC-8775-EDABB70945B9}.AppStore|iPhone.ActiveCfg = Debug|Any CPU
		{464731A0-4007-41AC-8775-EDABB70945B9}.AppStore|iPhone.Build.0 = Debug|Any CPU
		{464731A0-4007-41AC-8775-EDABB70945B9}.AppStore|iPhoneSimulator.ActiveCfg = Debug|Any CPU
		{464731A0-4007-41AC-8775-EDABB70945B9}.AppStore|iPhoneSimulator.Build.0 = Debug|Any CPU
		{464731A0-4007-41AC-8775-EDABB70945B9}.AppStore|x64.ActiveCfg = Debug|Any CPU
		{464731A0-4007-41AC-8775-EDABB70945B9}.AppStore|x64.Build.0 = Debug|Any CPU
		{464731A0-4007-41AC-8775-EDABB70945B9}.AppStore|x86.ActiveCfg = Debug|Any CPU
		{464731A0-4007-41AC-8775-EDABB70945B9}.AppStore|x86.Build.0 = Debug|Any CPU
		{464731A0-4007-41AC-8775-EDABB70945B9}.Debug|Any CPU.ActiveCfg = Debug|Any CPU
		{464731A0-4007-41AC-8775-EDABB70945B9}.Debug|Any CPU.Build.0 = Debug|Any CPU
		{464731A0-4007-41AC-8775-EDABB70945B9}.Debug|ARM.ActiveCfg = Debug|Any CPU
		{464731A0-4007-41AC-8775-EDABB70945B9}.Debug|ARM.Build.0 = Debug|Any CPU
		{464731A0-4007-41AC-8775-EDABB70945B9}.Debug|iPhone.ActiveCfg = Debug|Any CPU
		{464731A0-4007-41AC-8775-EDABB70945B9}.Debug|iPhone.Build.0 = Debug|Any CPU
		{464731A0-4007-41AC-8775-EDABB70945B9}.Debug|iPhoneSimulator.ActiveCfg = Debug|Any CPU
		{464731A0-4007-41AC-8775-EDABB70945B9}.Debug|iPhoneSimulator.Build.0 = Debug|Any CPU
		{464731A0-4007-41AC-8775-EDABB70945B9}.Debug|x64.ActiveCfg = Debug|Any CPU
		{464731A0-4007-41AC-8775-EDABB70945B9}.Debug|x64.Build.0 = Debug|Any CPU
		{464731A0-4007-41AC-8775-EDABB70945B9}.Debug|x86.ActiveCfg = Debug|Any CPU
		{464731A0-4007-41AC-8775-EDABB70945B9}.Debug|x86.Build.0 = Debug|Any CPU
		{464731A0-4007-41AC-8775-EDABB70945B9}.Release|Any CPU.ActiveCfg = Release|Any CPU
		{464731A0-4007-41AC-8775-EDABB70945B9}.Release|Any CPU.Build.0 = Release|Any CPU
		{464731A0-4007-41AC-8775-EDABB70945B9}.Release|ARM.ActiveCfg = Release|Any CPU
		{464731A0-4007-41AC-8775-EDABB70945B9}.Release|ARM.Build.0 = Release|Any CPU
		{464731A0-4007-41AC-8775-EDABB70945B9}.Release|iPhone.ActiveCfg = Release|Any CPU
		{464731A0-4007-41AC-8775-EDABB70945B9}.Release|iPhone.Build.0 = Release|Any CPU
		{464731A0-4007-41AC-8775-EDABB70945B9}.Release|iPhoneSimulator.ActiveCfg = Release|Any CPU
		{464731A0-4007-41AC-8775-EDABB70945B9}.Release|iPhoneSimulator.Build.0 = Release|Any CPU
		{464731A0-4007-41AC-8775-EDABB70945B9}.Release|x64.ActiveCfg = Release|Any CPU
		{464731A0-4007-41AC-8775-EDABB70945B9}.Release|x64.Build.0 = Release|Any CPU
		{464731A0-4007-41AC-8775-EDABB70945B9}.Release|x86.ActiveCfg = Release|Any CPU
		{464731A0-4007-41AC-8775-EDABB70945B9}.Release|x86.Build.0 = Release|Any CPU
		{DFF75252-044A-4965-AC6D-5A740935ACE4}.Ad-Hoc|Any CPU.ActiveCfg = Debug|Any CPU
		{DFF75252-044A-4965-AC6D-5A740935ACE4}.Ad-Hoc|Any CPU.Build.0 = Debug|Any CPU
		{DFF75252-044A-4965-AC6D-5A740935ACE4}.Ad-Hoc|ARM.ActiveCfg = Debug|Any CPU
		{DFF75252-044A-4965-AC6D-5A740935ACE4}.Ad-Hoc|ARM.Build.0 = Debug|Any CPU
		{DFF75252-044A-4965-AC6D-5A740935ACE4}.Ad-Hoc|iPhone.ActiveCfg = Debug|Any CPU
		{DFF75252-044A-4965-AC6D-5A740935ACE4}.Ad-Hoc|iPhone.Build.0 = Debug|Any CPU
		{DFF75252-044A-4965-AC6D-5A740935ACE4}.Ad-Hoc|iPhoneSimulator.ActiveCfg = Debug|Any CPU
		{DFF75252-044A-4965-AC6D-5A740935ACE4}.Ad-Hoc|iPhoneSimulator.Build.0 = Debug|Any CPU
		{DFF75252-044A-4965-AC6D-5A740935ACE4}.Ad-Hoc|x64.ActiveCfg = Debug|Any CPU
		{DFF75252-044A-4965-AC6D-5A740935ACE4}.Ad-Hoc|x64.Build.0 = Debug|Any CPU
		{DFF75252-044A-4965-AC6D-5A740935ACE4}.Ad-Hoc|x86.ActiveCfg = Debug|Any CPU
		{DFF75252-044A-4965-AC6D-5A740935ACE4}.Ad-Hoc|x86.Build.0 = Debug|Any CPU
		{DFF75252-044A-4965-AC6D-5A740935ACE4}.AppStore|Any CPU.ActiveCfg = Debug|Any CPU
		{DFF75252-044A-4965-AC6D-5A740935ACE4}.AppStore|Any CPU.Build.0 = Debug|Any CPU
		{DFF75252-044A-4965-AC6D-5A740935ACE4}.AppStore|ARM.ActiveCfg = Debug|Any CPU
		{DFF75252-044A-4965-AC6D-5A740935ACE4}.AppStore|ARM.Build.0 = Debug|Any CPU
		{DFF75252-044A-4965-AC6D-5A740935ACE4}.AppStore|iPhone.ActiveCfg = Debug|Any CPU
		{DFF75252-044A-4965-AC6D-5A740935ACE4}.AppStore|iPhone.Build.0 = Debug|Any CPU
		{DFF75252-044A-4965-AC6D-5A740935ACE4}.AppStore|iPhoneSimulator.ActiveCfg = Debug|Any CPU
		{DFF75252-044A-4965-AC6D-5A740935ACE4}.AppStore|iPhoneSimulator.Build.0 = Debug|Any CPU
		{DFF75252-044A-4965-AC6D-5A740935ACE4}.AppStore|x64.ActiveCfg = Debug|Any CPU
		{DFF75252-044A-4965-AC6D-5A740935ACE4}.AppStore|x64.Build.0 = Debug|Any CPU
		{DFF75252-044A-4965-AC6D-5A740935ACE4}.AppStore|x86.ActiveCfg = Debug|Any CPU
		{DFF75252-044A-4965-AC6D-5A740935ACE4}.AppStore|x86.Build.0 = Debug|Any CPU
		{DFF75252-044A-4965-AC6D-5A740935ACE4}.Debug|Any CPU.ActiveCfg = Debug|Any CPU
		{DFF75252-044A-4965-AC6D-5A740935ACE4}.Debug|Any CPU.Build.0 = Debug|Any CPU
		{DFF75252-044A-4965-AC6D-5A740935ACE4}.Debug|ARM.ActiveCfg = Debug|Any CPU
		{DFF75252-044A-4965-AC6D-5A740935ACE4}.Debug|ARM.Build.0 = Debug|Any CPU
		{DFF75252-044A-4965-AC6D-5A740935ACE4}.Debug|iPhone.ActiveCfg = Debug|Any CPU
		{DFF75252-044A-4965-AC6D-5A740935ACE4}.Debug|iPhone.Build.0 = Debug|Any CPU
		{DFF75252-044A-4965-AC6D-5A740935ACE4}.Debug|iPhoneSimulator.ActiveCfg = Debug|Any CPU
		{DFF75252-044A-4965-AC6D-5A740935ACE4}.Debug|iPhoneSimulator.Build.0 = Debug|Any CPU
		{DFF75252-044A-4965-AC6D-5A740935ACE4}.Debug|x64.ActiveCfg = Debug|Any CPU
		{DFF75252-044A-4965-AC6D-5A740935ACE4}.Debug|x64.Build.0 = Debug|Any CPU
		{DFF75252-044A-4965-AC6D-5A740935ACE4}.Debug|x86.ActiveCfg = Debug|Any CPU
		{DFF75252-044A-4965-AC6D-5A740935ACE4}.Debug|x86.Build.0 = Debug|Any CPU
		{DFF75252-044A-4965-AC6D-5A740935ACE4}.Release|Any CPU.ActiveCfg = Release|Any CPU
		{DFF75252-044A-4965-AC6D-5A740935ACE4}.Release|Any CPU.Build.0 = Release|Any CPU
		{DFF75252-044A-4965-AC6D-5A740935ACE4}.Release|ARM.ActiveCfg = Release|Any CPU
		{DFF75252-044A-4965-AC6D-5A740935ACE4}.Release|ARM.Build.0 = Release|Any CPU
		{DFF75252-044A-4965-AC6D-5A740935ACE4}.Release|iPhone.ActiveCfg = Release|Any CPU
		{DFF75252-044A-4965-AC6D-5A740935ACE4}.Release|iPhone.Build.0 = Release|Any CPU
		{DFF75252-044A-4965-AC6D-5A740935ACE4}.Release|iPhoneSimulator.ActiveCfg = Release|Any CPU
		{DFF75252-044A-4965-AC6D-5A740935ACE4}.Release|iPhoneSimulator.Build.0 = Release|Any CPU
		{DFF75252-044A-4965-AC6D-5A740935ACE4}.Release|x64.ActiveCfg = Release|Any CPU
		{DFF75252-044A-4965-AC6D-5A740935ACE4}.Release|x64.Build.0 = Release|Any CPU
		{DFF75252-044A-4965-AC6D-5A740935ACE4}.Release|x86.ActiveCfg = Release|Any CPU
		{DFF75252-044A-4965-AC6D-5A740935ACE4}.Release|x86.Build.0 = Release|Any CPU
	EndGlobalSection
	GlobalSection(SolutionProperties) = preSolution
		HideSolutionNode = FALSE
	EndGlobalSection
	GlobalSection(ExtensibilityGlobals) = postSolution
		SolutionGuid = {57E90944-7DA5-43CD-B280-C30095968AE6}
	EndGlobalSection
EndGlobal
